
Microsoft Visual Studio Solution File, Format Version 12.00
# Visual Studio Version 17
VisualStudioVersion = 17.14.36705.20 d17.14
MinimumVisualStudioVersion = 10.0.40219.1
Project("{888888A0-9F3D-457C-B088-3A5042F75D52}") = "Laborator2-NLP", "Laborator2-NLP.pyproj", "{40177874-5FBC-4571-9688-8F76F15AA6F1}"
EndProject
Global
	GlobalSection(SolutionConfigurationPlatforms) = preSolution
		Debug|Any CPU = Debug|Any CPU
		Release|Any CPU = Release|Any CPU
	EndGlobalSection
	GlobalSection(ProjectConfigurationPlatforms) = postSolution
		{40177874-5FBC-4571-9688-8F76F15AA6F1}.Debug|Any CPU.ActiveCfg = Debug|Any CPU
		{40177874-5FBC-4571-9688-8F76F15AA6F1}.Release|Any CPU.ActiveCfg = Release|Any CPU
	EndGlobalSection
	GlobalSection(SolutionProperties) = preSolution
		HideSolutionNode = FALSE
	EndGlobalSection
	GlobalSection(ExtensibilityGlobals) = postSolution
		SolutionGuid = {BA547B89-6308-46CD-9679-A4D96C1EB22E}
	EndGlobalSection
EndGlobal
